
Microsoft Visual Studio Solution File, Format Version 12.00
# Visual Studio Version 17
VisualStudioVersion = 17.7.34031.279
MinimumVisualStudioVersion = 10.0.40219.1
Project("{FAE04EC0-301F-11D3-BF4B-00C04F79EFBC}") = "Readit", "Readit\Readit.csproj", "{3DDE4401-664B-4165-BF2F-274A508472DD}"
EndProject
Global
	GlobalSection(SolutionConfigurationPlatforms) = preSolution
		Debug|Any CPU = Debug|Any CPU
		Release|Any CPU = Release|Any CPU
	EndGlobalSection
	GlobalSection(ProjectConfigurationPlatforms) = postSolution
		{3DDE4401-664B-4165-BF2F-274A508472DD}.Debug|Any CPU.ActiveCfg = Debug|Any CPU
		{3DDE4401-664B-4165-BF2F-274A508472DD}.Debug|Any CPU.Build.0 = Debug|Any CPU
		{3DDE4401-664B-4165-BF2F-274A508472DD}.Release|Any CPU.ActiveCfg = Release|Any CPU
		{3DDE4401-664B-4165-BF2F-274A508472DD}.Release|Any CPU.Build.0 = Release|Any CPU
	EndGlobalSection
	GlobalSection(SolutionProperties) = preSolution
		HideSolutionNode = FALSE
	EndGlobalSection
	GlobalSection(ExtensibilityGlobals) = postSolution
		SolutionGuid = {A3523DFD-7389-46DD-A657-457A4892AA4C}
	EndGlobalSection
EndGlobal
